
Microsoft Visual Studio Solution File, Format Version 12.00
# Visual Studio 14
VisualStudioVersion = 14.0.22310.1
MinimumVisualStudioVersion = 10.0.40219.1
Project("{00D1A9C2-B5F0-4AF3-8072-F6C62B433612}") = "ACM.Database", "ACM.Database\ACM.Database.sqlproj", "{51560218-1C59-4E02-8486-2C2E38CE2E27}"
EndProject
Project("{FAE04EC0-301F-11D3-BF4B-00C04F79EFBC}") = "ACM.DL", "ACM.DL\ACM.DL.csproj", "{FA374C36-D2BD-411F-B60A-DE8E2E055DF9}"
EndProject
Project("{FAE04EC0-301F-11D3-BF4B-00C04F79EFBC}") = "ACM.Library", "ACM.Library\ACM.Library.csproj", "{6A90ABC2-B154-431B-A093-B648582BF5F8}"
EndProject
Project("{FAE04EC0-301F-11D3-BF4B-00C04F79EFBC}") = "ACM.Win", "ACM.Win\ACM.Win.csproj", "{856CA2B8-8C37-4F7D-97F6-8F072FE063CE}"
EndProject
Project("{FAE04EC0-301F-11D3-BF4B-00C04F79EFBC}") = "ACM.WPF", "ACM.WPF\ACM.WPF.csproj", "{CF28466F-C5E1-4EBD-B18B-32A7043362A8}"
EndProject
Project("{FAE04EC0-301F-11D3-BF4B-00C04F79EFBC}") = "ACM.BLTest", "Test Projects\ACM.BLTest\ACM.BLTest.csproj", "{68D1475B-4F82-4163-9E27-5D931A152627}"
EndProject
Project("{2150E333-8FDC-42A3-9474-1A3956D46DE8}") = "Test Projects", "Test Projects", "{4445AADB-5925-43BC-8F0D-5FFCD1846560}"
EndProject
Project("{FAE04EC0-301F-11D3-BF4B-00C04F79EFBC}") = "ACM.BL", "ACM.BL\ACM.BL.csproj", "{0180CD3A-7176-480C-8F60-400374BD07B6}"
EndProject
Global
	GlobalSection(SolutionConfigurationPlatforms) = preSolution
		Debug|Any CPU = Debug|Any CPU
		Debug|x86 = Debug|x86
		Release|Any CPU = Release|Any CPU
		Release|x86 = Release|x86
	EndGlobalSection
	GlobalSection(ProjectConfigurationPlatforms) = postSolution
		{51560218-1C59-4E02-8486-2C2E38CE2E27}.Debug|Any CPU.ActiveCfg = Debug|Any CPU
		{51560218-1C59-4E02-8486-2C2E38CE2E27}.Debug|Any CPU.Build.0 = Debug|Any CPU
		{51560218-1C59-4E02-8486-2C2E38CE2E27}.Debug|Any CPU.Deploy.0 = Debug|Any CPU
		{51560218-1C59-4E02-8486-2C2E38CE2E27}.Debug|x86.ActiveCfg = Debug|Any CPU
		{51560218-1C59-4E02-8486-2C2E38CE2E27}.Debug|x86.Build.0 = Debug|Any CPU
		{51560218-1C59-4E02-8486-2C2E38CE2E27}.Debug|x86.Deploy.0 = Debug|Any CPU
		{51560218-1C59-4E02-8486-2C2E38CE2E27}.Release|Any CPU.ActiveCfg = Release|Any CPU
		{51560218-1C59-4E02-8486-2C2E38CE2E27}.Release|Any CPU.Build.0 = Release|Any CPU
		{51560218-1C59-4E02-8486-2C2E38CE2E27}.Release|Any CPU.Deploy.0 = Release|Any CPU
		{51560218-1C59-4E02-8486-2C2E38CE2E27}.Release|x86.ActiveCfg = Release|Any CPU
		{51560218-1C59-4E02-8486-2C2E38CE2E27}.Release|x86.Build.0 = Release|Any CPU
		{51560218-1C59-4E02-8486-2C2E38CE2E27}.Release|x86.Deploy.0 = Release|Any CPU
		{FA374C36-D2BD-411F-B60A-DE8E2E055DF9}.Debug|Any CPU.ActiveCfg = Debug|Any CPU
		{FA374C36-D2BD-411F-B60A-DE8E2E055DF9}.Debug|Any CPU.Build.0 = Debug|Any CPU
		{FA374C36-D2BD-411F-B60A-DE8E2E055DF9}.Debug|x86.ActiveCfg = Debug|Any CPU
		{FA374C36-D2BD-411F-B60A-DE8E2E055DF9}.Debug|x86.Build.0 = Debug|Any CPU
		{FA374C36-D2BD-411F-B60A-DE8E2E055DF9}.Release|Any CPU.ActiveCfg = Release|Any CPU
		{FA374C36-D2BD-411F-B60A-DE8E2E055DF9}.Release|Any CPU.Build.0 = Release|Any CPU
		{FA374C36-D2BD-411F-B60A-DE8E2E055DF9}.Release|x86.ActiveCfg = Release|Any CPU
		{FA374C36-D2BD-411F-B60A-DE8E2E055DF9}.Release|x86.Build.0 = Release|Any CPU
		{6A90ABC2-B154-431B-A093-B648582BF5F8}.Debug|Any CPU.ActiveCfg = Debug|Any CPU
		{6A90ABC2-B154-431B-A093-B648582BF5F8}.Debug|Any CPU.Build.0 = Debug|Any CPU
		{6A90ABC2-B154-431B-A093-B648582BF5F8}.Debug|x86.ActiveCfg = Debug|Any CPU
		{6A90ABC2-B154-431B-A093-B648582BF5F8}.Debug|x86.Build.0 = Debug|Any CPU
		{6A90ABC2-B154-431B-A093-B648582BF5F8}.Release|Any CPU.ActiveCfg = Release|Any CPU
		{6A90ABC2-B154-431B-A093-B648582BF5F8}.Release|Any CPU.Build.0 = Release|Any CPU
		{6A90ABC2-B154-431B-A093-B648582BF5F8}.Release|x86.ActiveCfg = Release|Any CPU
		{6A90ABC2-B154-431B-A093-B648582BF5F8}.Release|x86.Build.0 = Release|Any CPU
		{856CA2B8-8C37-4F7D-97F6-8F072FE063CE}.Debug|Any CPU.ActiveCfg = Debug|Any CPU
		{856CA2B8-8C37-4F7D-97F6-8F072FE063CE}.Debug|Any CPU.Build.0 = Debug|Any CPU
		{856CA2B8-8C37-4F7D-97F6-8F072FE063CE}.Debug|x86.ActiveCfg = Debug|x86
		{856CA2B8-8C37-4F7D-97F6-8F072FE063CE}.Debug|x86.Build.0 = Debug|x86
		{856CA2B8-8C37-4F7D-97F6-8F072FE063CE}.Release|Any CPU.ActiveCfg = Release|Any CPU
		{856CA2B8-8C37-4F7D-97F6-8F072FE063CE}.Release|Any CPU.Build.0 = Release|Any CPU
		{856CA2B8-8C37-4F7D-97F6-8F072FE063CE}.Release|x86.ActiveCfg = Release|x86
		{856CA2B8-8C37-4F7D-97F6-8F072FE063CE}.Release|x86.Build.0 = Release|x86
		{CF28466F-C5E1-4EBD-B18B-32A7043362A8}.Debug|Any CPU.ActiveCfg = Debug|Any CPU
		{CF28466F-C5E1-4EBD-B18B-32A7043362A8}.Debug|Any CPU.Build.0 = Debug|Any CPU
		{CF28466F-C5E1-4EBD-B18B-32A7043362A8}.Debug|x86.ActiveCfg = Debug|Any CPU
		{CF28466F-C5E1-4EBD-B18B-32A7043362A8}.Debug|x86.Build.0 = Debug|Any CPU
		{CF28466F-C5E1-4EBD-B18B-32A7043362A8}.Release|Any CPU.ActiveCfg = Release|Any CPU
		{CF28466F-C5E1-4EBD-B18B-32A7043362A8}.Release|Any CPU.Build.0 = Release|Any CPU
		{CF28466F-C5E1-4EBD-B18B-32A7043362A8}.Release|x86.ActiveCfg = Release|Any CPU
		{CF28466F-C5E1-4EBD-B18B-32A7043362A8}.Release|x86.Build.0 = Release|Any CPU
		{68D1475B-4F82-4163-9E27-5D931A152627}.Debug|Any CPU.ActiveCfg = Debug|Any CPU
		{68D1475B-4F82-4163-9E27-5D931A152627}.Debug|Any CPU.Build.0 = Debug|Any CPU
		{68D1475B-4F82-4163-9E27-5D931A152627}.Debug|x86.ActiveCfg = Debug|x86
		{68D1475B-4F82-4163-9E27-5D931A152627}.Debug|x86.Build.0 = Debug|x86
		{68D1475B-4F82-4163-9E27-5D931A152627}.Release|Any CPU.ActiveCfg = Release|Any CPU
		{68D1475B-4F82-4163-9E27-5D931A152627}.Release|Any CPU.Build.0 = Release|Any CPU
		{68D1475B-4F82-4163-9E27-5D931A152627}.Release|x86.ActiveCfg = Release|x86
		{68D1475B-4F82-4163-9E27-5D931A152627}.Release|x86.Build.0 = Release|x86
		{0180CD3A-7176-480C-8F60-400374BD07B6}.Debug|Any CPU.ActiveCfg = Debug|Any CPU
		{0180CD3A-7176-480C-8F60-400374BD07B6}.Debug|Any CPU.Build.0 = Debug|Any CPU
		{0180CD3A-7176-480C-8F60-400374BD07B6}.Debug|x86.ActiveCfg = Debug|Any CPU
		{0180CD3A-7176-480C-8F60-400374BD07B6}.Debug|x86.Build.0 = Debug|Any CPU
		{0180CD3A-7176-480C-8F60-400374BD07B6}.Release|Any CPU.ActiveCfg = Release|Any CPU
		{0180CD3A-7176-480C-8F60-400374BD07B6}.Release|Any CPU.Build.0 = Release|Any CPU
		{0180CD3A-7176-480C-8F60-400374BD07B6}.Release|x86.ActiveCfg = Release|Any CPU
		{0180CD3A-7176-480C-8F60-400374BD07B6}.Release|x86.Build.0 = Release|Any CPU
	EndGlobalSection
	GlobalSection(SolutionProperties) = preSolution
		HideSolutionNode = FALSE
	EndGlobalSection
	GlobalSection(NestedProjects) = preSolution
		{68D1475B-4F82-4163-9E27-5D931A152627} = {4445AADB-5925-43BC-8F0D-5FFCD1846560}
	EndGlobalSection
EndGlobal
